// !$*UTF8*$!
{
	archiveVersion = 1;
	classes = {
	};
	objectVersion = 46;
	objects = {

/* Begin PBXBuildFile section */
		C9382F141C0A9B4C006F5DBF /* main.cpp in Sources */ = {isa = PBXBuildFile; fileRef = C9382F131C0A9B4C006F5DBF /* main.cpp */; };
		C9382F1E1C0A9BE2006F5DBF /* halfedge.cpp in Sources */ = {isa = PBXBuildFile; fileRef = C9382F1D1C0A9BE2006F5DBF /* halfedge.cpp */; };
		C9382F201C0A9C1C006F5DBF /* OpenGL.framework in Frameworks */ = {isa = PBXBuildFile; fileRef = C9382F1F1C0A9C1C006F5DBF /* OpenGL.framework */; };
		C9382F221C0A9C21006F5DBF /* GLUT.framework in Frameworks */ = {isa = PBXBuildFile; fileRef = C9382F211C0A9C21006F5DBF /* GLUT.framework */; };
/* End PBXBuildFile section */

/* Begin PBXCopyFilesBuildPhase section */
		C9382F0E1C0A9B4C006F5DBF /* CopyFiles */ = {
			isa = PBXCopyFilesBuildPhase;
			buildActionMask = 2147483647;
			dstPath = /usr/share/man/man1/;
			dstSubfolderSpec = 0;
			files = (
			);
			runOnlyForDeploymentPostprocessing = 1;
		};
/* End PBXCopyFilesBuildPhase section */

/* Begin PBXFileReference section */
		C9382F101C0A9B4C006F5DBF /* Simplify */ = {isa = PBXFileReference; explicitFileType = "compiled.mach-o.executable"; includeInIndex = 0; path = Simplify; sourceTree = BUILT_PRODUCTS_DIR; };
		C9382F131C0A9B4C006F5DBF /* main.cpp */ = {isa = PBXFileReference; lastKnownFileType = sourcecode.cpp.cpp; path = main.cpp; sourceTree = "<group>"; };
		C9382F1A1C0A9B89006F5DBF /* fileio.h */ = {isa = PBXFileReference; lastKnownFileType = sourcecode.c.h; path = fileio.h; sourceTree = "<group>"; };
		C9382F1B1C0A9BB1006F5DBF /* manifold.h */ = {isa = PBXFileReference; lastKnownFileType = sourcecode.c.h; path = manifold.h; sourceTree = "<group>"; };
		C9382F1C1C0A9BCB006F5DBF /* halfedge.h */ = {isa = PBXFileReference; lastKnownFileType = sourcecode.c.h; path = halfedge.h; sourceTree = "<group>"; };
		C9382F1D1C0A9BE2006F5DBF /* halfedge.cpp */ = {isa = PBXFileReference; fileEncoding = 4; lastKnownFileType = sourcecode.cpp.cpp; path = halfedge.cpp; sourceTree = "<group>"; };
		C9382F1F1C0A9C1C006F5DBF /* OpenGL.framework */ = {isa = PBXFileReference; lastKnownFileType = wrapper.framework; name = OpenGL.framework; path = System/Library/Frameworks/OpenGL.framework; sourceTree = SDKROOT; };
		C9382F211C0A9C21006F5DBF /* GLUT.framework */ = {isa = PBXFileReference; lastKnownFileType = wrapper.framework; name = GLUT.framework; path = System/Library/Frameworks/GLUT.framework; sourceTree = SDKROOT; };
/* End PBXFileReference section */

/* Begin PBXFrameworksBuildPhase section */
		C9382F0D1C0A9B4C006F5DBF /* Frameworks */ = {
			isa = PBXFrameworksBuildPhase;
			buildActionMask = 2147483647;
			files = (
				C9382F221C0A9C21006F5DBF /* GLUT.framework in Frameworks */,
				C9382F201C0A9C1C006F5DBF /* OpenGL.framework in Frameworks */,
			);
			runOnlyForDeploymentPostprocessing = 0;
		};
/* End PBXFrameworksBuildPhase section */

/* Begin PBXGroup section */
		C9382F071C0A9B4C006F5DBF = {
			isa = PBXGroup;
			children = (
				C9382F211C0A9C21006F5DBF /* GLUT.framework */,
				C9382F1F1C0A9C1C006F5DBF /* OpenGL.framework */,
				C9382F121C0A9B4C006F5DBF /* Simplify */,
				C9382F111C0A9B4C006F5DBF /* Products */,
			);
			sourceTree = "<group>";
		};
		C9382F111C0A9B4C006F5DBF /* Products */ = {
			isa = PBXGroup;
			children = (
				C9382F101C0A9B4C006F5DBF /* Simplify */,
			);
			name = Products;
			sourceTree = "<group>";
		};
		C9382F121C0A9B4C006F5DBF /* Simplify */ = {
			isa = PBXGroup;
			children = (
				C9382F131C0A9B4C006F5DBF /* main.cpp */,
				C9382F1D1C0A9BE2006F5DBF /* halfedge.cpp */,
				C9382F1C1C0A9BCB006F5DBF /* halfedge.h */,
				C9382F1B1C0A9BB1006F5DBF /* manifold.h */,
				C9382F1A1C0A9B89006F5DBF /* fileio.h */,
			);
			path = Simplify;
			sourceTree = "<group>";
		};
/* End PBXGroup section */

/* Begin PBXNativeTarget section */
		C9382F0F1C0A9B4C006F5DBF /* Simplify */ = {
			isa = PBXNativeTarget;
			buildConfigurationList = C9382F171C0A9B4C006F5DBF /* Build configuration list for PBXNativeTarget "Simplify" */;
			buildPhases = (
				C9382F0C1C0A9B4C006F5DBF /* Sources */,
				C9382F0D1C0A9B4C006F5DBF /* Frameworks */,
				C9382F0E1C0A9B4C006F5DBF /* CopyFiles */,
			);
			buildRules = (
			);
			dependencies = (
			);
			name = Simplify;
			productName = Simplify;
			productReference = C9382F101C0A9B4C006F5DBF /* Simplify */;
			productType = "com.apple.product-type.tool";
		};
/* End PBXNativeTarget section */

/* Begin PBXProject section */
		C9382F081C0A9B4C006F5DBF /* Project object */ = {
			isa = PBXProject;
			attributes = {
				LastUpgradeCheck = 0710;
				ORGANIZATIONNAME = "Matthew Dillard";
				TargetAttributes = {
					C9382F0F1C0A9B4C006F5DBF = {
						CreatedOnToolsVersion = 7.1.1;
					};
				};
			};
			buildConfigurationList = C9382F0B1C0A9B4C006F5DBF /* Build configuration list for PBXProject "Simplify" */;
			compatibilityVersion = "Xcode 3.2";
			developmentRegion = English;
			hasScannedForEncodings = 0;
			knownRegions = (
				en,
			);
			mainGroup = C9382F071C0A9B4C006F5DBF;
			productRefGroup = C9382F111C0A9B4C006F5DBF /* Products */;
			projectDirPath = "";
			projectRoot = "";
			targets = (
				C9382F0F1C0A9B4C006F5DBF /* Simplify */,
			);
		};
/* End PBXProject section */

/* Begin PBXSourcesBuildPhase section */
		C9382F0C1C0A9B4C006F5DBF /* Sources */ = {
			isa = PBXSourcesBuildPhase;
			buildActionMask = 2147483647;
			files = (
				C9382F141C0A9B4C006F5DBF /* main.cpp in Sources */,
				C9382F1E1C0A9BE2006F5DBF /* halfedge.cpp in Sources */,
			);
			runOnlyForDeploymentPostprocessing = 0;
		};
/* End PBXSourcesBuildPhase section */

/* Begin XCBuildConfiguration section */
		C9382F151C0A9B4C006F5DBF /* Debug */ = {
			isa = XCBuildConfiguration;
			buildSettings = {
				ALWAYS_SEARCH_USER_PATHS = NO;
				CLANG_CXX_LANGUAGE_STANDARD = "gnu++0x";
				CLANG_CXX_LIBRARY = "libc++";
				CLANG_ENABLE_MODULES = YES;
				CLANG_ENABLE_OBJC_ARC = YES;
				CLANG_WARN_BOOL_CONVERSION = YES;
				CLANG_WARN_CONSTANT_CONVERSION = YES;
				CLANG_WARN_DIRECT_OBJC_ISA_USAGE = YES_ERROR;
				CLANG_WARN_EMPTY_BODY = YES;
				CLANG_WARN_ENUM_CONVERSION = YES;
				CLANG_WARN_INT_CONVERSION = YES;
				CLANG_WARN_OBJC_ROOT_CLASS = YES_ERROR;
				CLANG_WARN_UNREACHABLE_CODE = YES;
				CLANG_WARN__DUPLICATE_METHOD_MATCH = YES;
				CODE_SIGN_IDENTITY = "-";
				COPY_PHASE_STRIP = NO;
				DEBUG_INFORMATION_FORMAT = dwarf;
				ENABLE_STRICT_OBJC_MSGSEND = YES;
				ENABLE_TESTABILITY = YES;
				GCC_C_LANGUAGE_STANDARD = gnu99;
				GCC_DYNAMIC_NO_PIC = NO;
				GCC_NO_COMMON_BLOCKS = YES;
				GCC_OPTIMIZATION_LEVEL = 0;
				GCC_PREPROCESSOR_DEFINITIONS = (
					"DEBUG=1",
					"$(inherited)",
				);
				GCC_WARN_64_TO_32_BIT_CONVERSION = YES;
				GCC_WARN_ABOUT_RETURN_TYPE = YES_ERROR;
				GCC_WARN_UNDECLARED_SELECTOR = YES;
				GCC_WARN_UNINITIALIZED_AUTOS = YES_AGGRESSIVE;
				GCC_WARN_UNUSED_FUNCTION = YES;
				GCC_WARN_UNUSED_VARIABLE = YES;
				MACOSX_DEPLOYMENT_TARGET = 10.11;
				MTL_ENABLE_DEBUG_INFO = YES;
				ONLY_ACTIVE_ARCH = YES;
				SDKROOT = macosx;
			};
			name = Debug;
		};
		C9382F161C0A9B4C006F5DBF /* Release */ = {
			isa = XCBuildConfiguration;
			buildSettings = {
				ALWAYS_SEARCH_USER_PATHS = NO;
				CLANG_CXX_LANGUAGE_STANDARD = "gnu++0x";
				CLANG_CXX_LIBRARY = "libc++";
				CLANG_ENABLE_MODULES = YES;
				CLANG_ENABLE_OBJC_ARC = YES;
				CLANG_WARN_BOOL_CONVERSION = YES;
				CLANG_WARN_CONSTANT_CONVERSION = YES;
				CLANG_WARN_DIRECT_OBJC_ISA_USAGE = YES_ERROR;
				CLANG_WARN_EMPTY_BODY = YES;
				CLANG_WARN_ENUM_CONVERSION = YES;
				CLANG_WARN_INT_CONVERSION = YES;
				CLANG_WARN_OBJC_ROOT_CLASS = YES_ERROR;
				CLANG_WARN_UNREACHABLE_CODE = YES;
				CLANG_WARN__DUPLICATE_METHOD_MATCH = YES;
				CODE_SIGN_IDENTITY = "-";
				COPY_PHASE_STRIP = NO;
				DEBUG_INFORMATION_FORMAT = "dwarf-with-dsym";
				ENABLE_NS_ASSERTIONS = NO;
				ENABLE_STRICT_OBJC_MSGSEND = YES;
				GCC_C_LANGUAGE_STANDARD = gnu99;
				GCC_NO_COMMON_BLOCKS = YES;
				GCC_WARN_64_TO_32_BIT_CONVERSION = YES;
				GCC_WARN_ABOUT_RETURN_TYPE = YES_ERROR;
				GCC_WARN_UNDECLARED_SELECTOR = YES;
				GCC_WARN_UNINITIALIZED_AUTOS = YES_AGGRESSIVE;
				GCC_WARN_UNUSED_FUNCTION = YES;
				GCC_WARN_UNUSED_VARIABLE = YES;
				MACOSX_DEPLOYMENT_TARGET = 10.11;
				MTL_ENABLE_DEBUG_INFO = NO;
				SDKROOT = macosx;
			};
			name = Release;
		};
		C9382F181C0A9B4C006F5DBF /* Debug */ = {
			isa = XCBuildConfiguration;
			buildSettings = {
				PRODUCT_NAME = "$(TARGET_NAME)";
			};
			name = Debug;
		};
		C9382F191C0A9B4C006F5DBF /* Release */ = {
			isa = XCBuildConfiguration;
			buildSettings = {
				PRODUCT_NAME = "$(TARGET_NAME)";
			};
			name = Release;
		};
/* End XCBuildConfiguration section */

/* Begin XCConfigurationList section */
		C9382F0B1C0A9B4C006F5DBF /* Build configuration list for PBXProject "Simplify" */ = {
			isa = XCConfigurationList;
			buildConfigurations = (
				C9382F151C0A9B4C006F5DBF /* Debug */,
				C9382F161C0A9B4C006F5DBF /* Release */,
			);
			defaultConfigurationIsVisible = 0;
			defaultConfigurationName = Release;
		};
		C9382F171C0A9B4C006F5DBF /* Build configuration list for PBXNativeTarget "Simplify" */ = {
			isa = XCConfigurationList;
			buildConfigurations = (
				C9382F181C0A9B4C006F5DBF /* Debug */,
				C9382F191C0A9B4C006F5DBF /* Release */,
			);
			defaultConfigurationIsVisible = 0;
		};
/* End XCConfigurationList section */
	};
	rootObject = C9382F081C0A9B4C006F5DBF /* Project object */;
}
